
Microsoft Visual Studio Solution File, Format Version 12.00
# Visual Studio Version 17
VisualStudioVersion = 17.10.35027.167
MinimumVisualStudioVersion = 10.0.40219.1
Project("{9A19103F-16F7-4668-BE54-9A1E7A4F7556}") = "SGS.OAD.AdAuth", "SGS.OAD.AdAuth\SGS.OAD.AdAuth.csproj", "{EF084EC3-FCF6-474D-BEB4-67CAB750ED3F}"
EndProject
Project("{FAE04EC0-301F-11D3-BF4B-00C04F79EFBC}") = "Console8", "SGS.OAD.AdAuth.TestConsole\Console8.csproj", "{DC8DB5D2-CA43-4E01-963F-7D29548050FE}"
EndProject
Project("{FAE04EC0-301F-11D3-BF4B-00C04F79EFBC}") = "Console48", "Console48\Console48.csproj", "{A4024CDC-5478-4546-9DD3-5D6637F0A9FD}"
EndProject
Global
	GlobalSection(SolutionConfigurationPlatforms) = preSolution
		Debug|Any CPU = Debug|Any CPU
		Release|Any CPU = Release|Any CPU
	EndGlobalSection
	GlobalSection(ProjectConfigurationPlatforms) = postSolution
		{EF084EC3-FCF6-474D-BEB4-67CAB750ED3F}.Debug|Any CPU.ActiveCfg = Debug|Any CPU
		{EF084EC3-FCF6-474D-BEB4-67CAB750ED3F}.Debug|Any CPU.Build.0 = Debug|Any CPU
		{EF084EC3-FCF6-474D-BEB4-67CAB750ED3F}.Release|Any CPU.ActiveCfg = Release|Any CPU
		{EF084EC3-FCF6-474D-BEB4-67CAB750ED3F}.Release|Any CPU.Build.0 = Release|Any CPU
		{DC8DB5D2-CA43-4E01-963F-7D29548050FE}.Debug|Any CPU.ActiveCfg = Debug|Any CPU
		{DC8DB5D2-CA43-4E01-963F-7D29548050FE}.Debug|Any CPU.Build.0 = Debug|Any CPU
		{DC8DB5D2-CA43-4E01-963F-7D29548050FE}.Release|Any CPU.ActiveCfg = Release|Any CPU
		{DC8DB5D2-CA43-4E01-963F-7D29548050FE}.Release|Any CPU.Build.0 = Release|Any CPU
		{A4024CDC-5478-4546-9DD3-5D6637F0A9FD}.Debug|Any CPU.ActiveCfg = Debug|Any CPU
		{A4024CDC-5478-4546-9DD3-5D6637F0A9FD}.Debug|Any CPU.Build.0 = Debug|Any CPU
		{A4024CDC-5478-4546-9DD3-5D6637F0A9FD}.Release|Any CPU.ActiveCfg = Release|Any CPU
		{A4024CDC-5478-4546-9DD3-5D6637F0A9FD}.Release|Any CPU.Build.0 = Release|Any CPU
	EndGlobalSection
	GlobalSection(SolutionProperties) = preSolution
		HideSolutionNode = FALSE
	EndGlobalSection
	GlobalSection(ExtensibilityGlobals) = postSolution
		SolutionGuid = {03E2569E-A8FC-4CF4-B9EB-D0BA71D6CE75}
	EndGlobalSection
EndGlobal
